
Microsoft Visual Studio Solution File, Format Version 12.00
# Visual Studio Version 17
VisualStudioVersion = 17.9.34902.65
MinimumVisualStudioVersion = 10.0.40219.1
Project("{8BC9CEB8-8B4A-11D0-8D11-00A0C91BC942}") = "25 _ Lower First Letter of Each Word", "25 _ Lower First Letter of Each Word\25 _ Lower First Letter of Each Word.vcxproj", "{781DEC9E-925B-4478-B8F2-5643BE64B925}"
EndProject
Global
	GlobalSection(SolutionConfigurationPlatforms) = preSolution
		Debug|x64 = Debug|x64
		Debug|x86 = Debug|x86
		Release|x64 = Release|x64
		Release|x86 = Release|x86
	EndGlobalSection
	GlobalSection(ProjectConfigurationPlatforms) = postSolution
		{781DEC9E-925B-4478-B8F2-5643BE64B925}.Debug|x64.ActiveCfg = Debug|x64
		{781DEC9E-925B-4478-B8F2-5643BE64B925}.Debug|x64.Build.0 = Debug|x64
		{781DEC9E-925B-4478-B8F2-5643BE64B925}.Debug|x86.ActiveCfg = Debug|Win32
		{781DEC9E-925B-4478-B8F2-5643BE64B925}.Debug|x86.Build.0 = Debug|Win32
		{781DEC9E-925B-4478-B8F2-5643BE64B925}.Release|x64.ActiveCfg = Release|x64
		{781DEC9E-925B-4478-B8F2-5643BE64B925}.Release|x64.Build.0 = Release|x64
		{781DEC9E-925B-4478-B8F2-5643BE64B925}.Release|x86.ActiveCfg = Release|Win32
		{781DEC9E-925B-4478-B8F2-5643BE64B925}.Release|x86.Build.0 = Release|Win32
	EndGlobalSection
	GlobalSection(SolutionProperties) = preSolution
		HideSolutionNode = FALSE
	EndGlobalSection
	GlobalSection(ExtensibilityGlobals) = postSolution
		SolutionGuid = {FAB42BCB-A04E-4251-8ECE-8175C089E9F2}
	EndGlobalSection
EndGlobal
