
Microsoft Visual Studio Solution File, Format Version 12.00
# Visual Studio Version 17
VisualStudioVersion = 17.3.32922.545
MinimumVisualStudioVersion = 10.0.40219.1
Project("{8BC9CEB8-8B4A-11D0-8D11-00A0C91BC942}") = "Arithmetic Operators", "Arithmetic Operators\Arithmetic Operators.vcxproj", "{537F3DF8-A910-4ECD-99C5-16D15907D324}"
EndProject
Global
	GlobalSection(SolutionConfigurationPlatforms) = preSolution
		Debug|x64 = Debug|x64
		Debug|x86 = Debug|x86
		Release|x64 = Release|x64
		Release|x86 = Release|x86
	EndGlobalSection
	GlobalSection(ProjectConfigurationPlatforms) = postSolution
		{537F3DF8-A910-4ECD-99C5-16D15907D324}.Debug|x64.ActiveCfg = Debug|x64
		{537F3DF8-A910-4ECD-99C5-16D15907D324}.Debug|x64.Build.0 = Debug|x64
		{537F3DF8-A910-4ECD-99C5-16D15907D324}.Debug|x86.ActiveCfg = Debug|Win32
		{537F3DF8-A910-4ECD-99C5-16D15907D324}.Debug|x86.Build.0 = Debug|Win32
		{537F3DF8-A910-4ECD-99C5-16D15907D324}.Release|x64.ActiveCfg = Release|x64
		{537F3DF8-A910-4ECD-99C5-16D15907D324}.Release|x64.Build.0 = Release|x64
		{537F3DF8-A910-4ECD-99C5-16D15907D324}.Release|x86.ActiveCfg = Release|Win32
		{537F3DF8-A910-4ECD-99C5-16D15907D324}.Release|x86.Build.0 = Release|Win32
	EndGlobalSection
	GlobalSection(SolutionProperties) = preSolution
		HideSolutionNode = FALSE
	EndGlobalSection
	GlobalSection(ExtensibilityGlobals) = postSolution
		SolutionGuid = {609BE066-7E04-45C2-9A00-FFAD53DC6AE6}
	EndGlobalSection
EndGlobal
