
Microsoft Visual Studio Solution File, Format Version 12.00
# Visual Studio Version 17
VisualStudioVersion = 17.3.32922.545
MinimumVisualStudioVersion = 10.0.40219.1
Project("{8BC9CEB8-8B4A-11D0-8D11-00A0C91BC942}") = "29 _ Conditional Statements", "29 _ Conditional Statements\29 _ Conditional Statements.vcxproj", "{F545B0AC-0BC9-4BD9-B556-2B6D4DB88F7B}"
EndProject
Global
	GlobalSection(SolutionConfigurationPlatforms) = preSolution
		Debug|x64 = Debug|x64
		Debug|x86 = Debug|x86
		Release|x64 = Release|x64
		Release|x86 = Release|x86
	EndGlobalSection
	GlobalSection(ProjectConfigurationPlatforms) = postSolution
		{F545B0AC-0BC9-4BD9-B556-2B6D4DB88F7B}.Debug|x64.ActiveCfg = Debug|x64
		{F545B0AC-0BC9-4BD9-B556-2B6D4DB88F7B}.Debug|x64.Build.0 = Debug|x64
		{F545B0AC-0BC9-4BD9-B556-2B6D4DB88F7B}.Debug|x86.ActiveCfg = Debug|Win32
		{F545B0AC-0BC9-4BD9-B556-2B6D4DB88F7B}.Debug|x86.Build.0 = Debug|Win32
		{F545B0AC-0BC9-4BD9-B556-2B6D4DB88F7B}.Release|x64.ActiveCfg = Release|x64
		{F545B0AC-0BC9-4BD9-B556-2B6D4DB88F7B}.Release|x64.Build.0 = Release|x64
		{F545B0AC-0BC9-4BD9-B556-2B6D4DB88F7B}.Release|x86.ActiveCfg = Release|Win32
		{F545B0AC-0BC9-4BD9-B556-2B6D4DB88F7B}.Release|x86.Build.0 = Release|Win32
	EndGlobalSection
	GlobalSection(SolutionProperties) = preSolution
		HideSolutionNode = FALSE
	EndGlobalSection
	GlobalSection(ExtensibilityGlobals) = postSolution
		SolutionGuid = {86690E35-33A7-4A34-BAF9-86A8429F513D}
	EndGlobalSection
EndGlobal
