
Microsoft Visual Studio Solution File, Format Version 12.00
# Visual Studio Version 17
VisualStudioVersion = 17.14.36109.1 d17.14
MinimumVisualStudioVersion = 10.0.40219.1
Project("{8BC9CEB8-8B4A-11D0-8D11-00A0C91BC942}") = "Join String (Overloading)", "Join String (Overloading)\Join String (Overloading).vcxproj", "{974581B0-20E5-4FA8-AADD-AD197A09A9AF}"
EndProject
Global
	GlobalSection(SolutionConfigurationPlatforms) = preSolution
		Debug|x64 = Debug|x64
		Debug|x86 = Debug|x86
		Release|x64 = Release|x64
		Release|x86 = Release|x86
	EndGlobalSection
	GlobalSection(ProjectConfigurationPlatforms) = postSolution
		{974581B0-20E5-4FA8-AADD-AD197A09A9AF}.Debug|x64.ActiveCfg = Debug|x64
		{974581B0-20E5-4FA8-AADD-AD197A09A9AF}.Debug|x64.Build.0 = Debug|x64
		{974581B0-20E5-4FA8-AADD-AD197A09A9AF}.Debug|x86.ActiveCfg = Debug|Win32
		{974581B0-20E5-4FA8-AADD-AD197A09A9AF}.Debug|x86.Build.0 = Debug|Win32
		{974581B0-20E5-4FA8-AADD-AD197A09A9AF}.Release|x64.ActiveCfg = Release|x64
		{974581B0-20E5-4FA8-AADD-AD197A09A9AF}.Release|x64.Build.0 = Release|x64
		{974581B0-20E5-4FA8-AADD-AD197A09A9AF}.Release|x86.ActiveCfg = Release|Win32
		{974581B0-20E5-4FA8-AADD-AD197A09A9AF}.Release|x86.Build.0 = Release|Win32
	EndGlobalSection
	GlobalSection(SolutionProperties) = preSolution
		HideSolutionNode = FALSE
	EndGlobalSection
	GlobalSection(ExtensibilityGlobals) = postSolution
		SolutionGuid = {3CE751AE-141D-4703-B41D-4CE65A4B3A9D}
	EndGlobalSection
EndGlobal
