
Microsoft Visual Studio Solution File, Format Version 12.00
# Visual Studio Version 17
VisualStudioVersion = 17.3.32819.101
MinimumVisualStudioVersion = 10.0.40219.1
Project("{8BC9CEB8-8B4A-11D0-8D11-00A0C91BC942}") = "4 _ User Inputs", "4 _ User Inputs\4 _ User Inputs.vcxproj", "{A515401F-DD35-4C29-91D8-D76A5F963746}"
EndProject
Global
	GlobalSection(SolutionConfigurationPlatforms) = preSolution
		Debug|x64 = Debug|x64
		Debug|x86 = Debug|x86
		Release|x64 = Release|x64
		Release|x86 = Release|x86
	EndGlobalSection
	GlobalSection(ProjectConfigurationPlatforms) = postSolution
		{A515401F-DD35-4C29-91D8-D76A5F963746}.Debug|x64.ActiveCfg = Debug|x64
		{A515401F-DD35-4C29-91D8-D76A5F963746}.Debug|x64.Build.0 = Debug|x64
		{A515401F-DD35-4C29-91D8-D76A5F963746}.Debug|x86.ActiveCfg = Debug|Win32
		{A515401F-DD35-4C29-91D8-D76A5F963746}.Debug|x86.Build.0 = Debug|Win32
		{A515401F-DD35-4C29-91D8-D76A5F963746}.Release|x64.ActiveCfg = Release|x64
		{A515401F-DD35-4C29-91D8-D76A5F963746}.Release|x64.Build.0 = Release|x64
		{A515401F-DD35-4C29-91D8-D76A5F963746}.Release|x86.ActiveCfg = Release|Win32
		{A515401F-DD35-4C29-91D8-D76A5F963746}.Release|x86.Build.0 = Release|Win32
	EndGlobalSection
	GlobalSection(SolutionProperties) = preSolution
		HideSolutionNode = FALSE
	EndGlobalSection
	GlobalSection(ExtensibilityGlobals) = postSolution
		SolutionGuid = {E83F68C5-27A3-4149-B976-2F7E421D79AE}
	EndGlobalSection
EndGlobal
