
Microsoft Visual Studio Solution File, Format Version 12.00
# Visual Studio Version 17
VisualStudioVersion = 17.9.34902.65
MinimumVisualStudioVersion = 10.0.40219.1
Project("{8BC9CEB8-8B4A-11D0-8D11-00A0C91BC942}") = "18 _ Intersected Numbers in Matrices", "18 _ Intersected Numbers in Matrices\18 _ Intersected Numbers in Matrices.vcxproj", "{2C114E6C-FF23-4451-9D21-81D41C727843}"
EndProject
Global
	GlobalSection(SolutionConfigurationPlatforms) = preSolution
		Debug|x64 = Debug|x64
		Debug|x86 = Debug|x86
		Release|x64 = Release|x64
		Release|x86 = Release|x86
	EndGlobalSection
	GlobalSection(ProjectConfigurationPlatforms) = postSolution
		{2C114E6C-FF23-4451-9D21-81D41C727843}.Debug|x64.ActiveCfg = Debug|x64
		{2C114E6C-FF23-4451-9D21-81D41C727843}.Debug|x64.Build.0 = Debug|x64
		{2C114E6C-FF23-4451-9D21-81D41C727843}.Debug|x86.ActiveCfg = Debug|Win32
		{2C114E6C-FF23-4451-9D21-81D41C727843}.Debug|x86.Build.0 = Debug|Win32
		{2C114E6C-FF23-4451-9D21-81D41C727843}.Release|x64.ActiveCfg = Release|x64
		{2C114E6C-FF23-4451-9D21-81D41C727843}.Release|x64.Build.0 = Release|x64
		{2C114E6C-FF23-4451-9D21-81D41C727843}.Release|x86.ActiveCfg = Release|Win32
		{2C114E6C-FF23-4451-9D21-81D41C727843}.Release|x86.Build.0 = Release|Win32
	EndGlobalSection
	GlobalSection(SolutionProperties) = preSolution
		HideSolutionNode = FALSE
	EndGlobalSection
	GlobalSection(ExtensibilityGlobals) = postSolution
		SolutionGuid = {3687B0F9-1E46-4096-BBD1-1964057900C6}
	EndGlobalSection
EndGlobal
