
Microsoft Visual Studio Solution File, Format Version 12.00
# Visual Studio Version 17
VisualStudioVersion = 17.9.34902.65
MinimumVisualStudioVersion = 10.0.40219.1
Project("{8BC9CEB8-8B4A-11D0-8D11-00A0C91BC942}") = "22 _ Fibonacci Series With Recursion", "22 _ Fibonacci Series With Recursion\22 _ Fibonacci Series With Recursion.vcxproj", "{11EE9465-E05E-4996-8B2B-E7CD54207A8E}"
EndProject
Global
	GlobalSection(SolutionConfigurationPlatforms) = preSolution
		Debug|x64 = Debug|x64
		Debug|x86 = Debug|x86
		Release|x64 = Release|x64
		Release|x86 = Release|x86
	EndGlobalSection
	GlobalSection(ProjectConfigurationPlatforms) = postSolution
		{11EE9465-E05E-4996-8B2B-E7CD54207A8E}.Debug|x64.ActiveCfg = Debug|x64
		{11EE9465-E05E-4996-8B2B-E7CD54207A8E}.Debug|x64.Build.0 = Debug|x64
		{11EE9465-E05E-4996-8B2B-E7CD54207A8E}.Debug|x86.ActiveCfg = Debug|Win32
		{11EE9465-E05E-4996-8B2B-E7CD54207A8E}.Debug|x86.Build.0 = Debug|Win32
		{11EE9465-E05E-4996-8B2B-E7CD54207A8E}.Release|x64.ActiveCfg = Release|x64
		{11EE9465-E05E-4996-8B2B-E7CD54207A8E}.Release|x64.Build.0 = Release|x64
		{11EE9465-E05E-4996-8B2B-E7CD54207A8E}.Release|x86.ActiveCfg = Release|Win32
		{11EE9465-E05E-4996-8B2B-E7CD54207A8E}.Release|x86.Build.0 = Release|Win32
	EndGlobalSection
	GlobalSection(SolutionProperties) = preSolution
		HideSolutionNode = FALSE
	EndGlobalSection
	GlobalSection(ExtensibilityGlobals) = postSolution
		SolutionGuid = {AE7AA56D-0BB4-4A12-8D89-0ADE3CBA561B}
	EndGlobalSection
EndGlobal
