
Microsoft Visual Studio Solution File, Format Version 12.00
# Visual Studio Version 17
VisualStudioVersion = 17.3.32922.545
MinimumVisualStudioVersion = 10.0.40219.1
Project("{8BC9CEB8-8B4A-11D0-8D11-00A0C91BC942}") = "17 _ Data Type Conversion(Casting Data)", "17 _ Data Type Conversion(Casting Data)\17 _ Data Type Conversion(Casting Data).vcxproj", "{CA6DD7FD-8888-4612-A7AE-5E076FCA672E}"
EndProject
Global
	GlobalSection(SolutionConfigurationPlatforms) = preSolution
		Debug|x64 = Debug|x64
		Debug|x86 = Debug|x86
		Release|x64 = Release|x64
		Release|x86 = Release|x86
	EndGlobalSection
	GlobalSection(ProjectConfigurationPlatforms) = postSolution
		{CA6DD7FD-8888-4612-A7AE-5E076FCA672E}.Debug|x64.ActiveCfg = Debug|x64
		{CA6DD7FD-8888-4612-A7AE-5E076FCA672E}.Debug|x64.Build.0 = Debug|x64
		{CA6DD7FD-8888-4612-A7AE-5E076FCA672E}.Debug|x86.ActiveCfg = Debug|Win32
		{CA6DD7FD-8888-4612-A7AE-5E076FCA672E}.Debug|x86.Build.0 = Debug|Win32
		{CA6DD7FD-8888-4612-A7AE-5E076FCA672E}.Release|x64.ActiveCfg = Release|x64
		{CA6DD7FD-8888-4612-A7AE-5E076FCA672E}.Release|x64.Build.0 = Release|x64
		{CA6DD7FD-8888-4612-A7AE-5E076FCA672E}.Release|x86.ActiveCfg = Release|Win32
		{CA6DD7FD-8888-4612-A7AE-5E076FCA672E}.Release|x86.Build.0 = Release|Win32
	EndGlobalSection
	GlobalSection(SolutionProperties) = preSolution
		HideSolutionNode = FALSE
	EndGlobalSection
	GlobalSection(ExtensibilityGlobals) = postSolution
		SolutionGuid = {F79BB7C2-E763-4AC6-A436-AD5FFE211B8B}
	EndGlobalSection
EndGlobal
