
Microsoft Visual Studio Solution File, Format Version 12.00
# Visual Studio Version 17
VisualStudioVersion = 17.3.32922.545
MinimumVisualStudioVersion = 10.0.40219.1
Project("{8BC9CEB8-8B4A-11D0-8D11-00A0C91BC942}") = "15 _ Enums", "15 _ Enums\15 _ Enums.vcxproj", "{EFEF6AC6-3F86-4245-90D4-B689140B76ED}"
EndProject
Global
	GlobalSection(SolutionConfigurationPlatforms) = preSolution
		Debug|x64 = Debug|x64
		Debug|x86 = Debug|x86
		Release|x64 = Release|x64
		Release|x86 = Release|x86
	EndGlobalSection
	GlobalSection(ProjectConfigurationPlatforms) = postSolution
		{EFEF6AC6-3F86-4245-90D4-B689140B76ED}.Debug|x64.ActiveCfg = Debug|x64
		{EFEF6AC6-3F86-4245-90D4-B689140B76ED}.Debug|x64.Build.0 = Debug|x64
		{EFEF6AC6-3F86-4245-90D4-B689140B76ED}.Debug|x86.ActiveCfg = Debug|Win32
		{EFEF6AC6-3F86-4245-90D4-B689140B76ED}.Debug|x86.Build.0 = Debug|Win32
		{EFEF6AC6-3F86-4245-90D4-B689140B76ED}.Release|x64.ActiveCfg = Release|x64
		{EFEF6AC6-3F86-4245-90D4-B689140B76ED}.Release|x64.Build.0 = Release|x64
		{EFEF6AC6-3F86-4245-90D4-B689140B76ED}.Release|x86.ActiveCfg = Release|Win32
		{EFEF6AC6-3F86-4245-90D4-B689140B76ED}.Release|x86.Build.0 = Release|Win32
	EndGlobalSection
	GlobalSection(SolutionProperties) = preSolution
		HideSolutionNode = FALSE
	EndGlobalSection
	GlobalSection(ExtensibilityGlobals) = postSolution
		SolutionGuid = {D4029919-5B7C-4648-93B0-718B95DB3D17}
	EndGlobalSection
EndGlobal
