
Microsoft Visual Studio Solution File, Format Version 12.00
# Visual Studio Version 17
VisualStudioVersion = 17.9.34902.65
MinimumVisualStudioVersion = 10.0.40219.1
Project("{8BC9CEB8-8B4A-11D0-8D11-00A0C91BC942}") = "05 _ Sum Each Col in Matrix In Another Array", "05 _ Sum Each Col in Matrix In Another Array\05 _ Sum Each Col in Matrix In Another Array.vcxproj", "{A97086D9-095D-4B4F-8226-8974C6915104}"
EndProject
Global
	GlobalSection(SolutionConfigurationPlatforms) = preSolution
		Debug|x64 = Debug|x64
		Debug|x86 = Debug|x86
		Release|x64 = Release|x64
		Release|x86 = Release|x86
	EndGlobalSection
	GlobalSection(ProjectConfigurationPlatforms) = postSolution
		{A97086D9-095D-4B4F-8226-8974C6915104}.Debug|x64.ActiveCfg = Debug|x64
		{A97086D9-095D-4B4F-8226-8974C6915104}.Debug|x64.Build.0 = Debug|x64
		{A97086D9-095D-4B4F-8226-8974C6915104}.Debug|x86.ActiveCfg = Debug|Win32
		{A97086D9-095D-4B4F-8226-8974C6915104}.Debug|x86.Build.0 = Debug|Win32
		{A97086D9-095D-4B4F-8226-8974C6915104}.Release|x64.ActiveCfg = Release|x64
		{A97086D9-095D-4B4F-8226-8974C6915104}.Release|x64.Build.0 = Release|x64
		{A97086D9-095D-4B4F-8226-8974C6915104}.Release|x86.ActiveCfg = Release|Win32
		{A97086D9-095D-4B4F-8226-8974C6915104}.Release|x86.Build.0 = Release|Win32
	EndGlobalSection
	GlobalSection(SolutionProperties) = preSolution
		HideSolutionNode = FALSE
	EndGlobalSection
	GlobalSection(ExtensibilityGlobals) = postSolution
		SolutionGuid = {488F25C2-2E0E-43CC-B000-DBD5940F9406}
	EndGlobalSection
EndGlobal
