
Microsoft Visual Studio Solution File, Format Version 12.00
# Visual Studio Version 17
VisualStudioVersion = 17.3.32922.545
MinimumVisualStudioVersion = 10.0.40219.1
Project("{8BC9CEB8-8B4A-11D0-8D11-00A0C91BC942}") = "46 _  Delete Record From File", "46 _  Delete Record From File\46 _  Delete Record From File.vcxproj", "{3F34C07C-4A38-4A4D-B7BE-6B0AAD41782D}"
EndProject
Global
	GlobalSection(SolutionConfigurationPlatforms) = preSolution
		Debug|x64 = Debug|x64
		Debug|x86 = Debug|x86
		Release|x64 = Release|x64
		Release|x86 = Release|x86
	EndGlobalSection
	GlobalSection(ProjectConfigurationPlatforms) = postSolution
		{3F34C07C-4A38-4A4D-B7BE-6B0AAD41782D}.Debug|x64.ActiveCfg = Debug|x64
		{3F34C07C-4A38-4A4D-B7BE-6B0AAD41782D}.Debug|x64.Build.0 = Debug|x64
		{3F34C07C-4A38-4A4D-B7BE-6B0AAD41782D}.Debug|x86.ActiveCfg = Debug|Win32
		{3F34C07C-4A38-4A4D-B7BE-6B0AAD41782D}.Debug|x86.Build.0 = Debug|Win32
		{3F34C07C-4A38-4A4D-B7BE-6B0AAD41782D}.Release|x64.ActiveCfg = Release|x64
		{3F34C07C-4A38-4A4D-B7BE-6B0AAD41782D}.Release|x64.Build.0 = Release|x64
		{3F34C07C-4A38-4A4D-B7BE-6B0AAD41782D}.Release|x86.ActiveCfg = Release|Win32
		{3F34C07C-4A38-4A4D-B7BE-6B0AAD41782D}.Release|x86.Build.0 = Release|Win32
	EndGlobalSection
	GlobalSection(SolutionProperties) = preSolution
		HideSolutionNode = FALSE
	EndGlobalSection
	GlobalSection(ExtensibilityGlobals) = postSolution
		SolutionGuid = {CEBB21CE-B325-4573-AACC-5F6479C9CA80}
	EndGlobalSection
EndGlobal
