
Microsoft Visual Studio Solution File, Format Version 12.00
# Visual Studio Version 17
VisualStudioVersion = 17.9.34902.65
MinimumVisualStudioVersion = 10.0.40219.1
Project("{8BC9CEB8-8B4A-11D0-8D11-00A0C91BC942}") = "06 _ 3x3 Ordered Matrix", "06 _ 3x3 Ordered Matrix\06 _ 3x3 Ordered Matrix.vcxproj", "{0CC88C49-0E44-4164-A989-36ACDB7E9A40}"
EndProject
Global
	GlobalSection(SolutionConfigurationPlatforms) = preSolution
		Debug|x64 = Debug|x64
		Debug|x86 = Debug|x86
		Release|x64 = Release|x64
		Release|x86 = Release|x86
	EndGlobalSection
	GlobalSection(ProjectConfigurationPlatforms) = postSolution
		{0CC88C49-0E44-4164-A989-36ACDB7E9A40}.Debug|x64.ActiveCfg = Debug|x64
		{0CC88C49-0E44-4164-A989-36ACDB7E9A40}.Debug|x64.Build.0 = Debug|x64
		{0CC88C49-0E44-4164-A989-36ACDB7E9A40}.Debug|x86.ActiveCfg = Debug|Win32
		{0CC88C49-0E44-4164-A989-36ACDB7E9A40}.Debug|x86.Build.0 = Debug|Win32
		{0CC88C49-0E44-4164-A989-36ACDB7E9A40}.Release|x64.ActiveCfg = Release|x64
		{0CC88C49-0E44-4164-A989-36ACDB7E9A40}.Release|x64.Build.0 = Release|x64
		{0CC88C49-0E44-4164-A989-36ACDB7E9A40}.Release|x86.ActiveCfg = Release|Win32
		{0CC88C49-0E44-4164-A989-36ACDB7E9A40}.Release|x86.Build.0 = Release|Win32
	EndGlobalSection
	GlobalSection(SolutionProperties) = preSolution
		HideSolutionNode = FALSE
	EndGlobalSection
	GlobalSection(ExtensibilityGlobals) = postSolution
		SolutionGuid = {E01E6B03-01AF-4590-8E43-74DD79617CA4}
	EndGlobalSection
EndGlobal
