
Microsoft Visual Studio Solution File, Format Version 12.00
# Visual Studio Version 17
VisualStudioVersion = 17.3.32922.545
MinimumVisualStudioVersion = 10.0.40219.1
Project("{8BC9CEB8-8B4A-11D0-8D11-00A0C91BC942}") = "22 _ Repeated Elements Count In Array", "22 _ Repeated Elements Count In Array\22 _ Repeated Elements Count In Array.vcxproj", "{F0767D85-17F2-4C7F-BDE6-F421CB6FA077}"
EndProject
Global
	GlobalSection(SolutionConfigurationPlatforms) = preSolution
		Debug|x64 = Debug|x64
		Debug|x86 = Debug|x86
		Release|x64 = Release|x64
		Release|x86 = Release|x86
	EndGlobalSection
	GlobalSection(ProjectConfigurationPlatforms) = postSolution
		{F0767D85-17F2-4C7F-BDE6-F421CB6FA077}.Debug|x64.ActiveCfg = Debug|x64
		{F0767D85-17F2-4C7F-BDE6-F421CB6FA077}.Debug|x64.Build.0 = Debug|x64
		{F0767D85-17F2-4C7F-BDE6-F421CB6FA077}.Debug|x86.ActiveCfg = Debug|Win32
		{F0767D85-17F2-4C7F-BDE6-F421CB6FA077}.Debug|x86.Build.0 = Debug|Win32
		{F0767D85-17F2-4C7F-BDE6-F421CB6FA077}.Release|x64.ActiveCfg = Release|x64
		{F0767D85-17F2-4C7F-BDE6-F421CB6FA077}.Release|x64.Build.0 = Release|x64
		{F0767D85-17F2-4C7F-BDE6-F421CB6FA077}.Release|x86.ActiveCfg = Release|Win32
		{F0767D85-17F2-4C7F-BDE6-F421CB6FA077}.Release|x86.Build.0 = Release|Win32
	EndGlobalSection
	GlobalSection(SolutionProperties) = preSolution
		HideSolutionNode = FALSE
	EndGlobalSection
	GlobalSection(ExtensibilityGlobals) = postSolution
		SolutionGuid = {4567D49D-EEAD-4C26-A202-2C76B122F19F}
	EndGlobalSection
EndGlobal
