
Microsoft Visual Studio Solution File, Format Version 12.00
# Visual Studio Version 17
VisualStudioVersion = 17.9.34902.65
MinimumVisualStudioVersion = 10.0.40219.1
Project("{8BC9CEB8-8B4A-11D0-8D11-00A0C91BC942}") = "12 _ Check Typical Matrices", "12 _ Check Typical Matrices\12 _ Check Typical Matrices.vcxproj", "{28A1A93F-AFC0-4BAE-9B96-7A65184C4BDD}"
EndProject
Global
	GlobalSection(SolutionConfigurationPlatforms) = preSolution
		Debug|x64 = Debug|x64
		Debug|x86 = Debug|x86
		Release|x64 = Release|x64
		Release|x86 = Release|x86
	EndGlobalSection
	GlobalSection(ProjectConfigurationPlatforms) = postSolution
		{28A1A93F-AFC0-4BAE-9B96-7A65184C4BDD}.Debug|x64.ActiveCfg = Debug|x64
		{28A1A93F-AFC0-4BAE-9B96-7A65184C4BDD}.Debug|x64.Build.0 = Debug|x64
		{28A1A93F-AFC0-4BAE-9B96-7A65184C4BDD}.Debug|x86.ActiveCfg = Debug|Win32
		{28A1A93F-AFC0-4BAE-9B96-7A65184C4BDD}.Debug|x86.Build.0 = Debug|Win32
		{28A1A93F-AFC0-4BAE-9B96-7A65184C4BDD}.Release|x64.ActiveCfg = Release|x64
		{28A1A93F-AFC0-4BAE-9B96-7A65184C4BDD}.Release|x64.Build.0 = Release|x64
		{28A1A93F-AFC0-4BAE-9B96-7A65184C4BDD}.Release|x86.ActiveCfg = Release|Win32
		{28A1A93F-AFC0-4BAE-9B96-7A65184C4BDD}.Release|x86.Build.0 = Release|Win32
	EndGlobalSection
	GlobalSection(SolutionProperties) = preSolution
		HideSolutionNode = FALSE
	EndGlobalSection
	GlobalSection(ExtensibilityGlobals) = postSolution
		SolutionGuid = {5B8C8D5B-E095-41D1-93C8-0883B3C8205C}
	EndGlobalSection
EndGlobal
