
Microsoft Visual Studio Solution File, Format Version 12.00
# Visual Studio Version 17
VisualStudioVersion = 17.9.34902.65
MinimumVisualStudioVersion = 10.0.40219.1
Project("{8BC9CEB8-8B4A-11D0-8D11-00A0C91BC942}") = "Course5- Project1 Stone-Paper-Scissor", "Course5- Project1 Stone-Paper-Scissor\Course5- Project1 Stone-Paper-Scissor.vcxproj", "{CCE32DB4-D21B-4F0C-AB6B-D155CC77BBC7}"
EndProject
Global
	GlobalSection(SolutionConfigurationPlatforms) = preSolution
		Debug|x64 = Debug|x64
		Debug|x86 = Debug|x86
		Release|x64 = Release|x64
		Release|x86 = Release|x86
	EndGlobalSection
	GlobalSection(ProjectConfigurationPlatforms) = postSolution
		{CCE32DB4-D21B-4F0C-AB6B-D155CC77BBC7}.Debug|x64.ActiveCfg = Debug|x64
		{CCE32DB4-D21B-4F0C-AB6B-D155CC77BBC7}.Debug|x64.Build.0 = Debug|x64
		{CCE32DB4-D21B-4F0C-AB6B-D155CC77BBC7}.Debug|x86.ActiveCfg = Debug|Win32
		{CCE32DB4-D21B-4F0C-AB6B-D155CC77BBC7}.Debug|x86.Build.0 = Debug|Win32
		{CCE32DB4-D21B-4F0C-AB6B-D155CC77BBC7}.Release|x64.ActiveCfg = Release|x64
		{CCE32DB4-D21B-4F0C-AB6B-D155CC77BBC7}.Release|x64.Build.0 = Release|x64
		{CCE32DB4-D21B-4F0C-AB6B-D155CC77BBC7}.Release|x86.ActiveCfg = Release|Win32
		{CCE32DB4-D21B-4F0C-AB6B-D155CC77BBC7}.Release|x86.Build.0 = Release|Win32
	EndGlobalSection
	GlobalSection(SolutionProperties) = preSolution
		HideSolutionNode = FALSE
	EndGlobalSection
	GlobalSection(ExtensibilityGlobals) = postSolution
		SolutionGuid = {33317405-A31F-40EE-9673-AEA370C25289}
	EndGlobalSection
EndGlobal
