
Microsoft Visual Studio Solution File, Format Version 12.00
# Visual Studio Version 17
VisualStudioVersion = 17.3.32922.545
MinimumVisualStudioVersion = 10.0.40219.1
Project("{8BC9CEB8-8B4A-11D0-8D11-00A0C91BC942}") = "49 _ ATM PIN", "49 _ ATM PIN\49 _ ATM PIN.vcxproj", "{08717271-BE7F-4E3C-B8BF-C8FAB6C2F17A}"
EndProject
Global
	GlobalSection(SolutionConfigurationPlatforms) = preSolution
		Debug|x64 = Debug|x64
		Debug|x86 = Debug|x86
		Release|x64 = Release|x64
		Release|x86 = Release|x86
	EndGlobalSection
	GlobalSection(ProjectConfigurationPlatforms) = postSolution
		{08717271-BE7F-4E3C-B8BF-C8FAB6C2F17A}.Debug|x64.ActiveCfg = Debug|x64
		{08717271-BE7F-4E3C-B8BF-C8FAB6C2F17A}.Debug|x64.Build.0 = Debug|x64
		{08717271-BE7F-4E3C-B8BF-C8FAB6C2F17A}.Debug|x86.ActiveCfg = Debug|Win32
		{08717271-BE7F-4E3C-B8BF-C8FAB6C2F17A}.Debug|x86.Build.0 = Debug|Win32
		{08717271-BE7F-4E3C-B8BF-C8FAB6C2F17A}.Release|x64.ActiveCfg = Release|x64
		{08717271-BE7F-4E3C-B8BF-C8FAB6C2F17A}.Release|x64.Build.0 = Release|x64
		{08717271-BE7F-4E3C-B8BF-C8FAB6C2F17A}.Release|x86.ActiveCfg = Release|Win32
		{08717271-BE7F-4E3C-B8BF-C8FAB6C2F17A}.Release|x86.Build.0 = Release|Win32
	EndGlobalSection
	GlobalSection(SolutionProperties) = preSolution
		HideSolutionNode = FALSE
	EndGlobalSection
	GlobalSection(ExtensibilityGlobals) = postSolution
		SolutionGuid = {BF9F1467-1335-405D-B0E5-94BB37217788}
	EndGlobalSection
EndGlobal
