
Microsoft Visual Studio Solution File, Format Version 12.00
# Visual Studio Version 17
VisualStudioVersion = 17.9.34902.65
MinimumVisualStudioVersion = 10.0.40219.1
Project("{8BC9CEB8-8B4A-11D0-8D11-00A0C91BC942}") = "Count Small-Capital Letters", "Count Small-Capital Letters\Count Small-Capital Letters.vcxproj", "{3121D2B6-54AE-480A-8D40-43C80084D300}"
EndProject
Global
	GlobalSection(SolutionConfigurationPlatforms) = preSolution
		Debug|x64 = Debug|x64
		Debug|x86 = Debug|x86
		Release|x64 = Release|x64
		Release|x86 = Release|x86
	EndGlobalSection
	GlobalSection(ProjectConfigurationPlatforms) = postSolution
		{3121D2B6-54AE-480A-8D40-43C80084D300}.Debug|x64.ActiveCfg = Debug|x64
		{3121D2B6-54AE-480A-8D40-43C80084D300}.Debug|x64.Build.0 = Debug|x64
		{3121D2B6-54AE-480A-8D40-43C80084D300}.Debug|x86.ActiveCfg = Debug|Win32
		{3121D2B6-54AE-480A-8D40-43C80084D300}.Debug|x86.Build.0 = Debug|Win32
		{3121D2B6-54AE-480A-8D40-43C80084D300}.Release|x64.ActiveCfg = Release|x64
		{3121D2B6-54AE-480A-8D40-43C80084D300}.Release|x64.Build.0 = Release|x64
		{3121D2B6-54AE-480A-8D40-43C80084D300}.Release|x86.ActiveCfg = Release|Win32
		{3121D2B6-54AE-480A-8D40-43C80084D300}.Release|x86.Build.0 = Release|Win32
	EndGlobalSection
	GlobalSection(SolutionProperties) = preSolution
		HideSolutionNode = FALSE
	EndGlobalSection
	GlobalSection(ExtensibilityGlobals) = postSolution
		SolutionGuid = {9A42EDB3-A508-4C8D-BBBA-77FCA2E571AC}
	EndGlobalSection
EndGlobal
