
Microsoft Visual Studio Solution File, Format Version 12.00
# Visual Studio Version 17
VisualStudioVersion = 17.3.32922.545
MinimumVisualStudioVersion = 10.0.40219.1
Project("{8BC9CEB8-8B4A-11D0-8D11-00A0C91BC942}") = "35", "35\35.vcxproj", "{6E000BB0-04E3-4EAB-A278-E170C8EC5C75}"
EndProject
Global
	GlobalSection(SolutionConfigurationPlatforms) = preSolution
		Debug|x64 = Debug|x64
		Debug|x86 = Debug|x86
		Release|x64 = Release|x64
		Release|x86 = Release|x86
	EndGlobalSection
	GlobalSection(ProjectConfigurationPlatforms) = postSolution
		{6E000BB0-04E3-4EAB-A278-E170C8EC5C75}.Debug|x64.ActiveCfg = Debug|x64
		{6E000BB0-04E3-4EAB-A278-E170C8EC5C75}.Debug|x64.Build.0 = Debug|x64
		{6E000BB0-04E3-4EAB-A278-E170C8EC5C75}.Debug|x86.ActiveCfg = Debug|Win32
		{6E000BB0-04E3-4EAB-A278-E170C8EC5C75}.Debug|x86.Build.0 = Debug|Win32
		{6E000BB0-04E3-4EAB-A278-E170C8EC5C75}.Release|x64.ActiveCfg = Release|x64
		{6E000BB0-04E3-4EAB-A278-E170C8EC5C75}.Release|x64.Build.0 = Release|x64
		{6E000BB0-04E3-4EAB-A278-E170C8EC5C75}.Release|x86.ActiveCfg = Release|Win32
		{6E000BB0-04E3-4EAB-A278-E170C8EC5C75}.Release|x86.Build.0 = Release|Win32
	EndGlobalSection
	GlobalSection(SolutionProperties) = preSolution
		HideSolutionNode = FALSE
	EndGlobalSection
	GlobalSection(ExtensibilityGlobals) = postSolution
		SolutionGuid = {CF013B4C-7029-4439-A60E-5F8FF2292F5F}
	EndGlobalSection
EndGlobal
