
Microsoft Visual Studio Solution File, Format Version 12.00
# Visual Studio Version 17
VisualStudioVersion = 17.3.32922.545
MinimumVisualStudioVersion = 10.0.40219.1
Project("{8BC9CEB8-8B4A-11D0-8D11-00A0C91BC942}") = "39 _ Pay Remainder", "39 _ Pay Remainder\39 _ Pay Remainder.vcxproj", "{5DEBFB59-7647-4091-93E1-47566431CBAE}"
EndProject
Global
	GlobalSection(SolutionConfigurationPlatforms) = preSolution
		Debug|x64 = Debug|x64
		Debug|x86 = Debug|x86
		Release|x64 = Release|x64
		Release|x86 = Release|x86
	EndGlobalSection
	GlobalSection(ProjectConfigurationPlatforms) = postSolution
		{5DEBFB59-7647-4091-93E1-47566431CBAE}.Debug|x64.ActiveCfg = Debug|x64
		{5DEBFB59-7647-4091-93E1-47566431CBAE}.Debug|x64.Build.0 = Debug|x64
		{5DEBFB59-7647-4091-93E1-47566431CBAE}.Debug|x86.ActiveCfg = Debug|Win32
		{5DEBFB59-7647-4091-93E1-47566431CBAE}.Debug|x86.Build.0 = Debug|Win32
		{5DEBFB59-7647-4091-93E1-47566431CBAE}.Release|x64.ActiveCfg = Release|x64
		{5DEBFB59-7647-4091-93E1-47566431CBAE}.Release|x64.Build.0 = Release|x64
		{5DEBFB59-7647-4091-93E1-47566431CBAE}.Release|x86.ActiveCfg = Release|Win32
		{5DEBFB59-7647-4091-93E1-47566431CBAE}.Release|x86.Build.0 = Release|Win32
	EndGlobalSection
	GlobalSection(SolutionProperties) = preSolution
		HideSolutionNode = FALSE
	EndGlobalSection
	GlobalSection(ExtensibilityGlobals) = postSolution
		SolutionGuid = {A26CD266-5448-45E0-AFC5-6330F4A9A411}
	EndGlobalSection
EndGlobal
