
Microsoft Visual Studio Solution File, Format Version 12.00
# Visual Studio Version 17
VisualStudioVersion = 17.3.32922.545
MinimumVisualStudioVersion = 10.0.40219.1
Project("{8BC9CEB8-8B4A-11D0-8D11-00A0C91BC942}") = "8 _ Pass fail", "8 _ Pass fail\8 _ Pass fail.vcxproj", "{56754387-E062-4300-9E84-7772CA19D148}"
EndProject
Global
	GlobalSection(SolutionConfigurationPlatforms) = preSolution
		Debug|x64 = Debug|x64
		Debug|x86 = Debug|x86
		Release|x64 = Release|x64
		Release|x86 = Release|x86
	EndGlobalSection
	GlobalSection(ProjectConfigurationPlatforms) = postSolution
		{56754387-E062-4300-9E84-7772CA19D148}.Debug|x64.ActiveCfg = Debug|x64
		{56754387-E062-4300-9E84-7772CA19D148}.Debug|x64.Build.0 = Debug|x64
		{56754387-E062-4300-9E84-7772CA19D148}.Debug|x86.ActiveCfg = Debug|Win32
		{56754387-E062-4300-9E84-7772CA19D148}.Debug|x86.Build.0 = Debug|Win32
		{56754387-E062-4300-9E84-7772CA19D148}.Release|x64.ActiveCfg = Release|x64
		{56754387-E062-4300-9E84-7772CA19D148}.Release|x64.Build.0 = Release|x64
		{56754387-E062-4300-9E84-7772CA19D148}.Release|x86.ActiveCfg = Release|Win32
		{56754387-E062-4300-9E84-7772CA19D148}.Release|x86.Build.0 = Release|Win32
	EndGlobalSection
	GlobalSection(SolutionProperties) = preSolution
		HideSolutionNode = FALSE
	EndGlobalSection
	GlobalSection(ExtensibilityGlobals) = postSolution
		SolutionGuid = {9E420ECE-1261-4FC6-A77A-5153E7A24BB6}
	EndGlobalSection
EndGlobal
