
Microsoft Visual Studio Solution File, Format Version 12.00
# Visual Studio Version 17
VisualStudioVersion = 17.9.34902.65
MinimumVisualStudioVersion = 10.0.40219.1
Project("{8BC9CEB8-8B4A-11D0-8D11-00A0C91BC942}") = "Course5- Project2 Math Game", "Course5- Project2 Math Game\Course5- Project2 Math Game.vcxproj", "{DADCB700-2DF1-43A1-8050-8DD09F34F025}"
EndProject
Global
	GlobalSection(SolutionConfigurationPlatforms) = preSolution
		Debug|x64 = Debug|x64
		Debug|x86 = Debug|x86
		Release|x64 = Release|x64
		Release|x86 = Release|x86
	EndGlobalSection
	GlobalSection(ProjectConfigurationPlatforms) = postSolution
		{DADCB700-2DF1-43A1-8050-8DD09F34F025}.Debug|x64.ActiveCfg = Debug|x64
		{DADCB700-2DF1-43A1-8050-8DD09F34F025}.Debug|x64.Build.0 = Debug|x64
		{DADCB700-2DF1-43A1-8050-8DD09F34F025}.Debug|x86.ActiveCfg = Debug|Win32
		{DADCB700-2DF1-43A1-8050-8DD09F34F025}.Debug|x86.Build.0 = Debug|Win32
		{DADCB700-2DF1-43A1-8050-8DD09F34F025}.Release|x64.ActiveCfg = Release|x64
		{DADCB700-2DF1-43A1-8050-8DD09F34F025}.Release|x64.Build.0 = Release|x64
		{DADCB700-2DF1-43A1-8050-8DD09F34F025}.Release|x86.ActiveCfg = Release|Win32
		{DADCB700-2DF1-43A1-8050-8DD09F34F025}.Release|x86.Build.0 = Release|Win32
	EndGlobalSection
	GlobalSection(SolutionProperties) = preSolution
		HideSolutionNode = FALSE
	EndGlobalSection
	GlobalSection(ExtensibilityGlobals) = postSolution
		SolutionGuid = {2796BD05-7453-4A24-9982-16EBC2880B17}
	EndGlobalSection
EndGlobal
