
Microsoft Visual Studio Solution File, Format Version 12.00
# Visual Studio Version 17
VisualStudioVersion = 17.3.32922.545
MinimumVisualStudioVersion = 10.0.40219.1
Project("{8BC9CEB8-8B4A-11D0-8D11-00A0C91BC942}") = "4 _ Hire a driver", "4 _ Hire a driver\4 _ Hire a driver.vcxproj", "{0A18D197-6B50-4F50-827C-B8129ED92E51}"
EndProject
Global
	GlobalSection(SolutionConfigurationPlatforms) = preSolution
		Debug|x64 = Debug|x64
		Debug|x86 = Debug|x86
		Release|x64 = Release|x64
		Release|x86 = Release|x86
	EndGlobalSection
	GlobalSection(ProjectConfigurationPlatforms) = postSolution
		{0A18D197-6B50-4F50-827C-B8129ED92E51}.Debug|x64.ActiveCfg = Debug|x64
		{0A18D197-6B50-4F50-827C-B8129ED92E51}.Debug|x64.Build.0 = Debug|x64
		{0A18D197-6B50-4F50-827C-B8129ED92E51}.Debug|x86.ActiveCfg = Debug|Win32
		{0A18D197-6B50-4F50-827C-B8129ED92E51}.Debug|x86.Build.0 = Debug|Win32
		{0A18D197-6B50-4F50-827C-B8129ED92E51}.Release|x64.ActiveCfg = Release|x64
		{0A18D197-6B50-4F50-827C-B8129ED92E51}.Release|x64.Build.0 = Release|x64
		{0A18D197-6B50-4F50-827C-B8129ED92E51}.Release|x86.ActiveCfg = Release|Win32
		{0A18D197-6B50-4F50-827C-B8129ED92E51}.Release|x86.Build.0 = Release|Win32
	EndGlobalSection
	GlobalSection(SolutionProperties) = preSolution
		HideSolutionNode = FALSE
	EndGlobalSection
	GlobalSection(ExtensibilityGlobals) = postSolution
		SolutionGuid = {EBFE65CE-A7E1-482D-B274-588A1198CF90}
	EndGlobalSection
EndGlobal
