
Microsoft Visual Studio Solution File, Format Version 12.00
# Visual Studio Version 17
VisualStudioVersion = 17.3.32922.545
MinimumVisualStudioVersion = 10.0.40219.1
Project("{8BC9CEB8-8B4A-11D0-8D11-00A0C91BC942}") = "13 _ Math Functions", "13 _ Math Functions\13 _ Math Functions.vcxproj", "{50F790A1-D0FD-4930-9496-1F54B84C72AC}"
EndProject
Global
	GlobalSection(SolutionConfigurationPlatforms) = preSolution
		Debug|x64 = Debug|x64
		Debug|x86 = Debug|x86
		Release|x64 = Release|x64
		Release|x86 = Release|x86
	EndGlobalSection
	GlobalSection(ProjectConfigurationPlatforms) = postSolution
		{50F790A1-D0FD-4930-9496-1F54B84C72AC}.Debug|x64.ActiveCfg = Debug|x64
		{50F790A1-D0FD-4930-9496-1F54B84C72AC}.Debug|x64.Build.0 = Debug|x64
		{50F790A1-D0FD-4930-9496-1F54B84C72AC}.Debug|x86.ActiveCfg = Debug|Win32
		{50F790A1-D0FD-4930-9496-1F54B84C72AC}.Debug|x86.Build.0 = Debug|Win32
		{50F790A1-D0FD-4930-9496-1F54B84C72AC}.Release|x64.ActiveCfg = Release|x64
		{50F790A1-D0FD-4930-9496-1F54B84C72AC}.Release|x64.Build.0 = Release|x64
		{50F790A1-D0FD-4930-9496-1F54B84C72AC}.Release|x86.ActiveCfg = Release|Win32
		{50F790A1-D0FD-4930-9496-1F54B84C72AC}.Release|x86.Build.0 = Release|Win32
	EndGlobalSection
	GlobalSection(SolutionProperties) = preSolution
		HideSolutionNode = FALSE
	EndGlobalSection
	GlobalSection(ExtensibilityGlobals) = postSolution
		SolutionGuid = {EC374BF0-E9B1-4A4B-B1EF-D26DFFA0EEC7}
	EndGlobalSection
EndGlobal
