
Microsoft Visual Studio Solution File, Format Version 12.00
# Visual Studio Version 17
VisualStudioVersion = 17.3.32922.545
MinimumVisualStudioVersion = 10.0.40219.1
Project("{8BC9CEB8-8B4A-11D0-8D11-00A0C91BC942}") = "Functions Part II", "Functions Part II\Functions Part II.vcxproj", "{D243305E-4808-483D-9D4E-11D84BC60D3C}"
EndProject
Global
	GlobalSection(SolutionConfigurationPlatforms) = preSolution
		Debug|x64 = Debug|x64
		Debug|x86 = Debug|x86
		Release|x64 = Release|x64
		Release|x86 = Release|x86
	EndGlobalSection
	GlobalSection(ProjectConfigurationPlatforms) = postSolution
		{D243305E-4808-483D-9D4E-11D84BC60D3C}.Debug|x64.ActiveCfg = Debug|x64
		{D243305E-4808-483D-9D4E-11D84BC60D3C}.Debug|x64.Build.0 = Debug|x64
		{D243305E-4808-483D-9D4E-11D84BC60D3C}.Debug|x86.ActiveCfg = Debug|Win32
		{D243305E-4808-483D-9D4E-11D84BC60D3C}.Debug|x86.Build.0 = Debug|Win32
		{D243305E-4808-483D-9D4E-11D84BC60D3C}.Release|x64.ActiveCfg = Release|x64
		{D243305E-4808-483D-9D4E-11D84BC60D3C}.Release|x64.Build.0 = Release|x64
		{D243305E-4808-483D-9D4E-11D84BC60D3C}.Release|x86.ActiveCfg = Release|Win32
		{D243305E-4808-483D-9D4E-11D84BC60D3C}.Release|x86.Build.0 = Release|Win32
	EndGlobalSection
	GlobalSection(SolutionProperties) = preSolution
		HideSolutionNode = FALSE
	EndGlobalSection
	GlobalSection(ExtensibilityGlobals) = postSolution
		SolutionGuid = {E8C0C3B9-D193-4876-9D9F-01C5BFF03A65}
	EndGlobalSection
EndGlobal
