
Microsoft Visual Studio Solution File, Format Version 12.00
# Visual Studio Version 17
VisualStudioVersion = 17.9.34902.65
MinimumVisualStudioVersion = 10.0.40219.1
Project("{8BC9CEB8-8B4A-11D0-8D11-00A0C91BC942}") = "Course5- Project1 Stone-Paper-Scissor", "Course5- Project1 Stone-Paper-Scissor\Course5- Project1 Stone-Paper-Scissor.vcxproj", "{45A123A4-4EFF-476E-ACE9-2B22C0139FF8}"
EndProject
Global
	GlobalSection(SolutionConfigurationPlatforms) = preSolution
		Debug|x64 = Debug|x64
		Debug|x86 = Debug|x86
		Release|x64 = Release|x64
		Release|x86 = Release|x86
	EndGlobalSection
	GlobalSection(ProjectConfigurationPlatforms) = postSolution
		{45A123A4-4EFF-476E-ACE9-2B22C0139FF8}.Debug|x64.ActiveCfg = Debug|x64
		{45A123A4-4EFF-476E-ACE9-2B22C0139FF8}.Debug|x64.Build.0 = Debug|x64
		{45A123A4-4EFF-476E-ACE9-2B22C0139FF8}.Debug|x86.ActiveCfg = Debug|Win32
		{45A123A4-4EFF-476E-ACE9-2B22C0139FF8}.Debug|x86.Build.0 = Debug|Win32
		{45A123A4-4EFF-476E-ACE9-2B22C0139FF8}.Release|x64.ActiveCfg = Release|x64
		{45A123A4-4EFF-476E-ACE9-2B22C0139FF8}.Release|x64.Build.0 = Release|x64
		{45A123A4-4EFF-476E-ACE9-2B22C0139FF8}.Release|x86.ActiveCfg = Release|Win32
		{45A123A4-4EFF-476E-ACE9-2B22C0139FF8}.Release|x86.Build.0 = Release|Win32
	EndGlobalSection
	GlobalSection(SolutionProperties) = preSolution
		HideSolutionNode = FALSE
	EndGlobalSection
	GlobalSection(ExtensibilityGlobals) = postSolution
		SolutionGuid = {1D00B4E3-27C3-41DA-A7FA-1C27CA1EAA9A}
	EndGlobalSection
EndGlobal
