
Microsoft Visual Studio Solution File, Format Version 12.00
# Visual Studio Version 17
VisualStudioVersion = 17.9.34902.65
MinimumVisualStudioVersion = 10.0.40219.1
Project("{8BC9CEB8-8B4A-11D0-8D11-00A0C91BC942}") = "34 _ Print All Vowels In String", "34 _ Print All Vowels In String\34 _ Print All Vowels In String.vcxproj", "{EEAF099D-40D5-4DE1-9AB9-486AA374B860}"
EndProject
Global
	GlobalSection(SolutionConfigurationPlatforms) = preSolution
		Debug|x64 = Debug|x64
		Debug|x86 = Debug|x86
		Release|x64 = Release|x64
		Release|x86 = Release|x86
	EndGlobalSection
	GlobalSection(ProjectConfigurationPlatforms) = postSolution
		{EEAF099D-40D5-4DE1-9AB9-486AA374B860}.Debug|x64.ActiveCfg = Debug|x64
		{EEAF099D-40D5-4DE1-9AB9-486AA374B860}.Debug|x64.Build.0 = Debug|x64
		{EEAF099D-40D5-4DE1-9AB9-486AA374B860}.Debug|x86.ActiveCfg = Debug|Win32
		{EEAF099D-40D5-4DE1-9AB9-486AA374B860}.Debug|x86.Build.0 = Debug|Win32
		{EEAF099D-40D5-4DE1-9AB9-486AA374B860}.Release|x64.ActiveCfg = Release|x64
		{EEAF099D-40D5-4DE1-9AB9-486AA374B860}.Release|x64.Build.0 = Release|x64
		{EEAF099D-40D5-4DE1-9AB9-486AA374B860}.Release|x86.ActiveCfg = Release|Win32
		{EEAF099D-40D5-4DE1-9AB9-486AA374B860}.Release|x86.Build.0 = Release|Win32
	EndGlobalSection
	GlobalSection(SolutionProperties) = preSolution
		HideSolutionNode = FALSE
	EndGlobalSection
	GlobalSection(ExtensibilityGlobals) = postSolution
		SolutionGuid = {0FB94E0D-C337-4101-89E0-3F4ED6BA7EA2}
	EndGlobalSection
EndGlobal
